
Microsoft Visual Studio Solution File, Format Version 12.00
# Visual Studio Version 17
VisualStudioVersion = 17.5.002.0
MinimumVisualStudioVersion = 10.0.40219.1
Project("{9A19103F-16F7-4668-BE54-9A1E7A4F7556}") = "Metotlar-Devam", "Metotlar-Devam.csproj", "{323A89FC-35AC-4D09-AD75-5DAD4DFF7417}"
EndProject
Global
	GlobalSection(SolutionConfigurationPlatforms) = preSolution
		Debug|Any CPU = Debug|Any CPU
		Release|Any CPU = Release|Any CPU
	EndGlobalSection
	GlobalSection(ProjectConfigurationPlatforms) = postSolution
		{323A89FC-35AC-4D09-AD75-5DAD4DFF7417}.Debug|Any CPU.ActiveCfg = Debug|Any CPU
		{323A89FC-35AC-4D09-AD75-5DAD4DFF7417}.Debug|Any CPU.Build.0 = Debug|Any CPU
		{323A89FC-35AC-4D09-AD75-5DAD4DFF7417}.Release|Any CPU.ActiveCfg = Release|Any CPU
		{323A89FC-35AC-4D09-AD75-5DAD4DFF7417}.Release|Any CPU.Build.0 = Release|Any CPU
	EndGlobalSection
	GlobalSection(SolutionProperties) = preSolution
		HideSolutionNode = FALSE
	EndGlobalSection
	GlobalSection(ExtensibilityGlobals) = postSolution
		SolutionGuid = {05898259-7144-45B9-8D07-AD3575D54565}
	EndGlobalSection
EndGlobal
